{
    "_meta": {
        "hash": {
            "sha256": "e0f6358d086f7080ece9f056797be89b8386a822ace92c812f036354c73386de"
        },
        "pipfile-spec": 6,
        "requires": {
            "python_version": "3.7"
        },
        "sources": [
            {
                "name": "pypi",
                "url": "https://pypi.org/simple",
                "verify_ssl": true
            }
        ]
    },
    "default": {
        "appjar": {
            "hashes": [
                "sha256:0dbd7ce2cb640392cb33ff94fad7318c7b7f2ba3fe111e2ca35cbf119acbda97"
            ],
            "index": "pypi",
            "version": "==0.94.0"
        }
    },
    "develop": {}
}
