{
    "_meta": {
        "hash": {
            "sha256": "28e90c96acb22ef0850c4275b2e5c5923c08b230bfc3d2499b4975b9ef8098f0"
        },
        "pipfile-spec": 6,
        "requires": {
            "python_version": "3.8"
        },
        "sources": [
            {
                "name": "pypi",
                "url": "https://pypi.org/simple",
                "verify_ssl": true
            }
        ]
    },
    "default": {
        "appjar": {
            "hashes": [
                "sha256:0dbd7ce2cb640392cb33ff94fad7318c7b7f2ba3fe111e2ca35cbf119acbda97"
            ],
            "index": "pypi",
            "version": "==0.94.0"
        }
    },
    "develop": {}
}
